
Microsoft Visual Studio Solution File, Format Version 12.00
# Visual Studio Version 16
VisualStudioVersion = 16.0.30114.105
MinimumVisualStudioVersion = 10.0.40219.1
Project("{FAE04EC0-301F-11D3-BF4B-00C04F79EFBC}") = "StringCalculator202207", "StringCalculator202207\StringCalculator202207.csproj", "{333D6541-EA8D-4C13-A6BA-6AD2745AD9BC}"
EndProject
Global
	GlobalSection(SolutionConfigurationPlatforms) = preSolution
		Debug|Any CPU = Debug|Any CPU
		Release|Any CPU = Release|Any CPU
	EndGlobalSection
	GlobalSection(ProjectConfigurationPlatforms) = postSolution
		{333D6541-EA8D-4C13-A6BA-6AD2745AD9BC}.Debug|Any CPU.ActiveCfg = Debug|Any CPU
		{333D6541-EA8D-4C13-A6BA-6AD2745AD9BC}.Debug|Any CPU.Build.0 = Debug|Any CPU
		{333D6541-EA8D-4C13-A6BA-6AD2745AD9BC}.Release|Any CPU.ActiveCfg = Release|Any CPU
		{333D6541-EA8D-4C13-A6BA-6AD2745AD9BC}.Release|Any CPU.Build.0 = Release|Any CPU
	EndGlobalSection
	GlobalSection(SolutionProperties) = preSolution
		HideSolutionNode = FALSE
	EndGlobalSection
	GlobalSection(ExtensibilityGlobals) = postSolution
		SolutionGuid = {C32BEBAA-A4BA-4354-8775-5FE7E36A9799}
	EndGlobalSection
EndGlobal
